schema: '2.0'
stages:
  data_ingestion:
    cmd: python src/cnnclassifier/pipelines/stage_1_data_ingestion.py
    deps:
    - path: config/config.yaml
      hash: md5
      md5: 49ccd53f10721a0281f3e6a675696663
      size: 657
    - path: src/cnnclassifier/pipelines/stage_1_data_ingestion.py
      hash: md5
      md5: b0a8288db78997bf2bf792515606e500
      size: 936
    outs:
    - path: artifacts/data_ingestion/Data
      hash: md5
      md5: 3ddc2c0e262e947578d73eeec3119af6.dir
      size: 124956798
      nfiles: 1000
  prepare_base_model:
    cmd: python src/cnnclassifier/pipelines/stage_2_prepare_base_model.py
    deps:
    - path: config/config.yaml
      hash: md5
      md5: 49ccd53f10721a0281f3e6a675696663
      size: 657
    - path: src/cnnclassifier/pipelines/stage_2_prepare_base_model.py
      hash: md5
      md5: 82f82cf6434485f197efb566d3f529c1
      size: 950
    params:
      params.yaml:
        CLASSES: 4
        IMAGE_SIZE:
        - 224
        - 224
        - 3
        INCLUDE_TOP: false
        LEARNING_RATE: 0.01
        WEIGHTS: imagenet
    outs:
    - path: artifacts/prepare_base_model
      hash: md5
      md5: ee68a1dc8379e8934ca583506e8a65d7.dir
      size: 117883364
      nfiles: 2
  training:
    cmd: python src/cnnclassifier/pipelines/stage_3_model_trainer.py
    deps:
    - path: artifacts/data_ingestion/Data
      hash: md5
      md5: 3ddc2c0e262e947578d73eeec3119af6.dir
      size: 124956798
      nfiles: 1000
    - path: artifacts/prepare_base_model
      hash: md5
      md5: ee68a1dc8379e8934ca583506e8a65d7.dir
      size: 117883364
      nfiles: 2
    - path: config/config.yaml
      hash: md5
      md5: 49ccd53f10721a0281f3e6a675696663
      size: 657
    - path: src/cnnclassifier/pipelines/stage_3_model_trainer.py
      hash: md5
      md5: 453df53d87f68525bc3d4fd463c7b546
      size: 859
    params:
      params.yaml:
        AUGMENTATION: true
        BATCH_SIZE: 16
        EPOCHS: 50
        IMAGE_SIZE:
        - 224
        - 224
        - 3
    outs:
    - path: artifacts/training/model.keras
      hash: md5
      md5: 47fdf1584ba20684bebad5eceb987b69
      size: 68399385
  evaluation:
    cmd: python src/cnnclassifier/pipelines/stage_4_model_evaluation.py
    deps:
    - path: artifacts/data_ingestion/Data
      hash: md5
      md5: 3ddc2c0e262e947578d73eeec3119af6.dir
      size: 124956798
      nfiles: 1000
    - path: artifacts/training/model.keras
      hash: md5
      md5: 47fdf1584ba20684bebad5eceb987b69
      size: 68399385
    - path: config/config.yaml
      hash: md5
      md5: 49ccd53f10721a0281f3e6a675696663
      size: 657
    - path: src/cnnclassifier/pipelines/stage_4_model_evaluation.py
      hash: md5
      md5: e10649d84bbd1a50542e05abce8eeca8
      size: 999
    params:
      params.yaml:
        BATCH_SIZE: 16
        IMAGE_SIZE:
        - 224
        - 224
        - 3
    outs:
    - path: scores.json
      hash: md5
      md5: f8ca996078cbcc716b8dbe1ecd5e7aa3
      size: 70
